{
  "nodes": {
    "emacs-overlay": {
      "inputs": {
        "flake-utils": "flake-utils",
        "nixpkgs": [
          "nixpkgs"
        ],
        "nixpkgs-stable": "nixpkgs-stable"
      },
      "locked": {
        "lastModified": 1702057198,
        "narHash": "sha256-aLt6sBFYNrL43VMGNl+/tPpe/OOzTqGUfl0bDGl1qe0=",
        "owner": "nix-community",
        "repo": "emacs-overlay",
        "rev": "7087b02d82d945bef0936b7d7781a520cd6e55e5",
        "type": "github"
      },
      "original": {
        "owner": "nix-community",
        "ref": "master",
        "repo": "emacs-overlay",
        "type": "github"
      }
    },
    "flake-utils": {
      "inputs": {
        "systems": "systems"
      },
      "locked": {
        "lastModified": 1701680307,
        "narHash": "sha256-kAuep2h5ajznlPMD9rnQyffWG8EM/C73lejGofXvdM8=",
        "owner": "numtide",
        "repo": "flake-utils",
        "rev": "4022d587cbbfd70fe950c1e2083a02621806a725",
        "type": "github"
      },
      "original": {
        "owner": "numtide",
        "repo": "flake-utils",
        "type": "github"
      }
    },
    "grab-workspace": {
      "flake": false,
      "locked": {
        "lastModified": 1698122481,
        "narHash": "sha256-0QzmZdGnoVWyTO1ayYYW8vEVZyl7O70Mi/Hu6/+HWHA=",
        "owner": "CMurtagh-LGTM",
        "repo": "grab-workspace",
        "rev": "51cd5d1cc39385988db5f65e94ff4177f22dc9fb",
        "type": "github"
      },
      "original": {
        "owner": "CMurtagh-LGTM",
        "repo": "grab-workspace",
        "type": "github"
      }
    },
    "home-manager": {
      "inputs": {
        "nixpkgs": [
          "nixpkgs"
        ]
      },
      "locked": {
        "lastModified": 1701728041,
        "narHash": "sha256-x0pyrI1vC8evVDxCxyO6olOyr4wlFg9+VS3C3p4xFYQ=",
        "owner": "nix-community",
        "repo": "home-manager",
        "rev": "ac7216918cd65f3824ba7817dea8f22e61221eaf",
        "type": "github"
      },
      "original": {
        "owner": "nix-community",
        "repo": "home-manager",
        "type": "github"
      }
    },
    "hycov": {
      "inputs": {
        "hyprland": [
          "hyprland"
        ]
      },
      "locked": {
        "lastModified": 1703733059,
        "narHash": "sha256-9nJzsok/cPLnHkc4ZiTI5ffkZiK42xNTLeAjg0qC/CM=",
        "owner": "DreamMaoMao",
        "repo": "hycov",
        "rev": "ebc72d14fc8af4820d56ecbefa86d8e39c61e5b5",
        "type": "github"
      },
      "original": {
        "owner": "DreamMaoMao",
        "repo": "hycov",
        "type": "github"
      }
    },
    "hyprland": {
      "inputs": {
        "hyprland-protocols": "hyprland-protocols",
        "nixpkgs": "nixpkgs",
        "systems": "systems_2",
        "wlroots": "wlroots",
        "xdph": "xdph"
      },
      "locked": {
        "lastModified": 1703525245,
        "narHash": "sha256-uDkNQgMmmVtTDKvRjO2TmUwlKSV4gwMLGj5pGr3xDIM=",
        "owner": "hyprwm",
        "repo": "Hyprland",
        "rev": "4f99e805b900b72f5e2bed54a1a44d10c8d54771",
        "type": "github"
      },
      "original": {
        "owner": "hyprwm",
        "repo": "Hyprland",
        "type": "github"
      }
    },
    "hyprland-protocols": {
      "inputs": {
        "nixpkgs": [
          "hyprland",
          "nixpkgs"
        ],
        "systems": [
          "hyprland",
          "systems"
        ]
      },
      "locked": {
        "lastModified": 1691753796,
        "narHash": "sha256-zOEwiWoXk3j3+EoF3ySUJmberFewWlagvewDRuWYAso=",
        "owner": "hyprwm",
        "repo": "hyprland-protocols",
        "rev": "0c2ce70625cb30aef199cb388f99e19a61a6ce03",
        "type": "github"
      },
      "original": {
        "owner": "hyprwm",
        "repo": "hyprland-protocols",
        "type": "github"
      }
    },
    "hyprpaper": {
      "inputs": {
        "nixpkgs": [
          "nixpkgs"
        ]
      },
      "locked": {
        "lastModified": 1703524093,
        "narHash": "sha256-qqF3NyarX6ZSCBmhzO4r0BEcy6FHj6DsvF0hIMkwz/Q=",
        "owner": "hyprwm",
        "repo": "hyprpaper",
        "rev": "ef0e051255af1b96155b222da94c94ecad1f7708",
        "type": "github"
      },
      "original": {
        "owner": "hyprwm",
        "repo": "hyprpaper",
        "type": "github"
      }
    },
    "kbd-mode": {
      "flake": false,
      "locked": {
        "lastModified": 1695535151,
        "narHash": "sha256-YhVUOlUNhWmHQZLI4vCegKPD0/CDD9Dxh3aLrJUyneU=",
        "owner": "kmonad",
        "repo": "kbd-mode",
        "rev": "b9048e928ac403c8a1cf09b4fec75776dc4ecf4f",
        "type": "github"
      },
      "original": {
        "owner": "kmonad",
        "repo": "kbd-mode",
        "type": "github"
      }
    },
    "kmonad": {
      "inputs": {
        "nixpkgs": "nixpkgs_2"
      },
      "locked": {
        "dir": "nix",
        "lastModified": 1703250206,
        "narHash": "sha256-oO0bbsYZuL0xGsjk6FSpSVBHZlSVXI9QZdIJcIIB004=",
        "ref": "refs/heads/master",
        "rev": "1c4641f063130165516789e842629e437082c5b8",
        "revCount": 772,
        "submodules": true,
        "type": "git",
        "url": "https://github.com/kmonad/kmonad?dir=nix"
      },
      "original": {
        "dir": "nix",
        "submodules": true,
        "type": "git",
        "url": "https://github.com/kmonad/kmonad?dir=nix"
      }
    },
    "lean4-mode": {
      "flake": false,
      "locked": {
        "lastModified": 1689286482,
        "narHash": "sha256-tD5Ysa24fMIS6ipFc50OjabZEUge4riSb7p4BR05ReQ=",
        "owner": "leanprover",
        "repo": "lean4-mode",
        "rev": "d1c936409ade7d93e67107243cbc0aa55cda7fd5",
        "type": "github"
      },
      "original": {
        "owner": "leanprover",
        "repo": "lean4-mode",
        "type": "github"
      }
    },
    "nix-formatter-pack": {
      "inputs": {
        "nixpkgs": [
          "nix-on-droid",
          "nixpkgs"
        ],
        "nmd": "nmd",
        "nmt": "nmt"
      },
      "locked": {
        "lastModified": 1666720474,
        "narHash": "sha256-iWojjDS1D19zpeZXbBdjWb9MiKmVVFQCqtJmtTXgPx8=",
        "owner": "Gerschtli",
        "repo": "nix-formatter-pack",
        "rev": "14876cc8fe94a3d329964ecb073b4c988c7b61f5",
        "type": "github"
      },
      "original": {
        "owner": "Gerschtli",
        "repo": "nix-formatter-pack",
        "type": "github"
      }
    },
    "nix-neovim": {
      "inputs": {
        "nvim-abolish": "nvim-abolish",
        "nvim-bbye": "nvim-bbye",
        "nvim-better-whitespace": "nvim-better-whitespace",
        "nvim-cmp": "nvim-cmp",
        "nvim-cmp-emoji": "nvim-cmp-emoji",
        "nvim-cmp-latex-symbols": "nvim-cmp-latex-symbols",
        "nvim-cmp-lsp": "nvim-cmp-lsp",
        "nvim-cmp-lua": "nvim-cmp-lua",
        "nvim-cmp-path": "nvim-cmp-path",
        "nvim-cmp-vsnip": "nvim-cmp-vsnip",
        "nvim-dev-webicons": "nvim-dev-webicons",
        "nvim-eunuch": "nvim-eunuch",
        "nvim-fairy-floss": "nvim-fairy-floss",
        "nvim-fish-syntax": "nvim-fish-syntax",
        "nvim-fugitive": "nvim-fugitive",
        "nvim-git-messenger": "nvim-git-messenger",
        "nvim-gitsigns": "nvim-gitsigns",
        "nvim-harpoon": "nvim-harpoon",
        "nvim-hop": "nvim-hop",
        "nvim-kommentary": "nvim-kommentary",
        "nvim-lexical": "nvim-lexical",
        "nvim-libp": "nvim-libp",
        "nvim-lspconfig": "nvim-lspconfig",
        "nvim-lspkind": "nvim-lspkind",
        "nvim-lualine": "nvim-lualine",
        "nvim-markdown": "nvim-markdown",
        "nvim-material": "nvim-material",
        "nvim-merge-tool": "nvim-merge-tool",
        "nvim-nix": "nvim-nix",
        "nvim-octo": "nvim-octo",
        "nvim-pest": "nvim-pest",
        "nvim-plenary": "nvim-plenary",
        "nvim-purescript": "nvim-purescript",
        "nvim-rainbow": "nvim-rainbow",
        "nvim-ranger": "nvim-ranger",
        "nvim-rhubarb": "nvim-rhubarb",
        "nvim-sandwich": "nvim-sandwich",
        "nvim-signature": "nvim-signature",
        "nvim-snitch": "nvim-snitch",
        "nvim-solarized": "nvim-solarized",
        "nvim-tabular": "nvim-tabular",
        "nvim-telescope": "nvim-telescope",
        "nvim-telescope-file-browser": "nvim-telescope-file-browser",
        "nvim-telescope-fzf": "nvim-telescope-fzf",
        "nvim-telescope-symbols": "nvim-telescope-symbols",
        "nvim-telescope-ui-select": "nvim-telescope-ui-select",
        "nvim-tokyo": "nvim-tokyo",
        "nvim-treesitter": "nvim-treesitter",
        "nvim-treesitter-refactor": "nvim-treesitter-refactor",
        "nvim-trouble": "nvim-trouble",
        "nvim-truezen": "nvim-truezen",
        "nvim-vim-vsnip": "nvim-vim-vsnip",
        "nvim-visuals-multi": "nvim-visuals-multi",
        "nvim-which-key": "nvim-which-key"
      },
      "locked": {
        "lastModified": 1698066885,
        "narHash": "sha256-xQfnNOo6VSfZuMvRyEOj9l5VBag7ofiSKDb/Z08+D0s=",
        "owner": "eviefp",
        "repo": "nix-neovim",
        "rev": "b26541a627cbc51c12f013c436232e1af3766538",
        "type": "github"
      },
      "original": {
        "owner": "eviefp",
        "ref": "main",
        "repo": "nix-neovim",
        "type": "github"
      }
    },
    "nix-on-droid": {
      "inputs": {
        "home-manager": [
          "home-manager"
        ],
        "nix-formatter-pack": "nix-formatter-pack",
        "nixpkgs": [
          "nixpkgs"
        ],
        "nixpkgs-for-bootstrap": "nixpkgs-for-bootstrap",
        "nmd": "nmd_2"
      },
      "locked": {
        "lastModified": 1694604941,
        "narHash": "sha256-KsoRStRs8dNRRMWQhuB3eUOpzQhOc4dcBQB85tEq3wY=",
        "owner": "nix-community",
        "repo": "nix-on-droid",
        "rev": "039379abeee67144d4094d80bbdaf183fb2eabe5",
        "type": "github"
      },
      "original": {
        "owner": "nix-community",
        "ref": "master",
        "repo": "nix-on-droid",
        "type": "github"
      }
    },
    "nixpkgs": {
      "locked": {
        "lastModified": 1703255338,
        "narHash": "sha256-Z6wfYJQKmDN9xciTwU3cOiOk+NElxdZwy/FiHctCzjU=",
        "owner": "NixOS",
        "repo": "nixpkgs",
        "rev": "6df37dc6a77654682fe9f071c62b4242b5342e04",
        "type": "github"
      },
      "original": {
        "owner": "NixOS",
        "ref": "nixos-unstable",
        "repo": "nixpkgs",
        "type": "github"
      }
    },
    "nixpkgs-for-bootstrap": {
      "locked": {
        "lastModified": 1686921029,
        "narHash": "sha256-J1bX9plPCFhTSh6E3TWn9XSxggBh/zDD4xigyaIQBy8=",
        "owner": "NixOS",
        "repo": "nixpkgs",
        "rev": "c7ff1b9b95620ce8728c0d7bd501c458e6da9e04",
        "type": "github"
      },
      "original": {
        "owner": "NixOS",
        "repo": "nixpkgs",
        "rev": "c7ff1b9b95620ce8728c0d7bd501c458e6da9e04",
        "type": "github"
      }
    },
    "nixpkgs-stable": {
      "locked": {
        "lastModified": 1701615100,
        "narHash": "sha256-7VI84NGBvlCTduw2aHLVB62NvCiZUlALLqBe5v684Aw=",
        "owner": "NixOS",
        "repo": "nixpkgs",
        "rev": "e9f06adb793d1cca5384907b3b8a4071d5d7cb19",
        "type": "github"
      },
      "original": {
        "owner": "NixOS",
        "ref": "nixos-23.05",
        "repo": "nixpkgs",
        "type": "github"
      }
    },
    "nixpkgs_2": {
      "locked": {
        "lastModified": 1653326962,
        "narHash": "sha256-W8feCYqKTsMre4nAEpv5Kx1PVFC+hao/LwqtB2Wci/8=",
        "owner": "NixOS",
        "repo": "nixpkgs",
        "rev": "41cc1d5d9584103be4108c1815c350e07c807036",
        "type": "github"
      },
      "original": {
        "owner": "NixOS",
        "ref": "nixpkgs-unstable",
        "repo": "nixpkgs",
        "type": "github"
      }
    },
    "nixpkgs_3": {
      "locked": {
        "lastModified": 1701693815,
        "narHash": "sha256-7BkrXykVWfkn6+c1EhFA3ko4MLi3gVG0p9G96PNnKTM=",
        "owner": "NixOS",
        "repo": "nixpkgs",
        "rev": "09ec6a0881e1a36c29d67497693a67a16f4da573",
        "type": "github"
      },
      "original": {
        "owner": "NixOS",
        "ref": "nixpkgs-unstable",
        "repo": "nixpkgs",
        "type": "github"
      }
    },
    "nmd": {
      "flake": false,
      "locked": {
        "lastModified": 1666190571,
        "narHash": "sha256-Z1hc7M9X6L+H83o9vOprijpzhTfOBjd0KmUTnpHAVjA=",
        "owner": "rycee",
        "repo": "nmd",
        "rev": "b75d312b4f33bd3294cd8ae5c2ca8c6da2afc169",
        "type": "gitlab"
      },
      "original": {
        "owner": "rycee",
        "repo": "nmd",
        "type": "gitlab"
      }
    },
    "nmd_2": {
      "flake": false,
      "locked": {
        "lastModified": 1666190571,
        "narHash": "sha256-Z1hc7M9X6L+H83o9vOprijpzhTfOBjd0KmUTnpHAVjA=",
        "owner": "rycee",
        "repo": "nmd",
        "rev": "b75d312b4f33bd3294cd8ae5c2ca8c6da2afc169",
        "type": "gitlab"
      },
      "original": {
        "owner": "rycee",
        "repo": "nmd",
        "type": "gitlab"
      }
    },
    "nmt": {
      "flake": false,
      "locked": {
        "lastModified": 1648075362,
        "narHash": "sha256-u36WgzoA84dMVsGXzml4wZ5ckGgfnvS0ryzo/3zn/Pc=",
        "owner": "rycee",
        "repo": "nmt",
        "rev": "d83601002c99b78c89ea80e5e6ba21addcfe12ae",
        "type": "gitlab"
      },
      "original": {
        "owner": "rycee",
        "repo": "nmt",
        "type": "gitlab"
      }
    },
    "nvim-abolish": {
      "flake": false,
      "locked": {
        "lastModified": 1695997009,
        "narHash": "sha256-MFXQjLIY1WJ6bGuxRr7WiIcjK9lOlMsFDit0bRmYd/s=",
        "owner": "tpope",
        "repo": "vim-abolish",
        "rev": "dcbfe065297d31823561ba787f51056c147aa682",
        "type": "github"
      },
      "original": {
        "owner": "tpope",
        "ref": "master",
        "repo": "vim-abolish",
        "type": "github"
      }
    },
    "nvim-bbye": {
      "flake": false,
      "locked": {
        "lastModified": 1520078493,
        "narHash": "sha256-xJMZQ/27TgwAnvPVH1fjF6SLOA9jvXmbfcwV0NZ1kTY=",
        "owner": "moll",
        "repo": "vim-bbye",
        "rev": "25ef93ac5a87526111f43e5110675032dbcacf56",
        "type": "github"
      },
      "original": {
        "owner": "moll",
        "ref": "master",
        "repo": "vim-bbye",
        "type": "github"
      }
    },
    "nvim-better-whitespace": {
      "flake": false,
      "locked": {
        "lastModified": 1656569286,
        "narHash": "sha256-OZ25no2pZQfyb1Yo00rE2XgKop+xutloRAoE8Lfqv4M=",
        "owner": "ntpeters",
        "repo": "vim-better-whitespace",
        "rev": "1b22dc57a2751c7afbc6025a7da39b7c22db635d",
        "type": "github"
      },
      "original": {
        "owner": "ntpeters",
        "ref": "master",
        "repo": "vim-better-whitespace",
        "type": "github"
      }
    },
    "nvim-cmp": {
      "flake": false,
      "locked": {
        "lastModified": 1699261102,
        "narHash": "sha256-auUHEjUDOaDkMI9loN6T+/whDDNzPl04bf+nqqLQ5+I=",
        "owner": "hrsh7th",
        "repo": "nvim-cmp",
        "rev": "0b751f6beef40fd47375eaf53d3057e0bfa317e4",
        "type": "github"
      },
      "original": {
        "owner": "hrsh7th",
        "ref": "main",
        "repo": "nvim-cmp",
        "type": "github"
      }
    },
    "nvim-cmp-emoji": {
      "flake": false,
      "locked": {
        "lastModified": 1632834658,
        "narHash": "sha256-zc5GNkwdVHaeEoCer9tz40F2Xc8qTzPw6NbgkMjjWQI=",
        "owner": "hrsh7th",
        "repo": "cmp-emoji",
        "rev": "19075c36d5820253d32e2478b6aaf3734aeaafa0",
        "type": "github"
      },
      "original": {
        "owner": "hrsh7th",
        "ref": "main",
        "repo": "cmp-emoji",
        "type": "github"
      }
    },
    "nvim-cmp-latex-symbols": {
      "flake": false,
      "locked": {
        "lastModified": 1674479758,
        "narHash": "sha256-sud4B4aTB37QoQNCYiQ8kCmHkjdeZgADStbQsAaQGaY=",
        "owner": "kdheepak",
        "repo": "cmp-latex-symbols",
        "rev": "165fb66afdbd016eaa1570e41672c4c557b57124",
        "type": "github"
      },
      "original": {
        "owner": "kdheepak",
        "ref": "main",
        "repo": "cmp-latex-symbols",
        "type": "github"
      }
    },
    "nvim-cmp-lsp": {
      "flake": false,
      "locked": {
        "lastModified": 1687494203,
        "narHash": "sha256-mU0soCz79erJXMMqD/FyrJZ0mu2n6fE0deymPzQlxts=",
        "owner": "hrsh7th",
        "repo": "cmp-nvim-lsp",
        "rev": "44b16d11215dce86f253ce0c30949813c0a90765",
        "type": "github"
      },
      "original": {
        "owner": "hrsh7th",
        "ref": "main",
        "repo": "cmp-nvim-lsp",
        "type": "github"
      }
    },
    "nvim-cmp-lua": {
      "flake": false,
      "locked": {
        "lastModified": 1681458603,
        "narHash": "sha256-6eXOK1mVK06TN1akhN42Bo4wQpeen3rk3b/m7iVmGKM=",
        "owner": "hrsh7th",
        "repo": "cmp-nvim-lua",
        "rev": "f12408bdb54c39c23e67cab726264c10db33ada8",
        "type": "github"
      },
      "original": {
        "owner": "hrsh7th",
        "ref": "main",
        "repo": "cmp-nvim-lua",
        "type": "github"
      }
    },
    "nvim-cmp-path": {
      "flake": false,
      "locked": {
        "lastModified": 1664784283,
        "narHash": "sha256-thppiiV3wjIaZnAXmsh7j3DUc6ceSCvGzviwFUnoPaI=",
        "owner": "hrsh7th",
        "repo": "cmp-path",
        "rev": "91ff86cd9c29299a64f968ebb45846c485725f23",
        "type": "github"
      },
      "original": {
        "owner": "hrsh7th",
        "ref": "main",
        "repo": "cmp-path",
        "type": "github"
      }
    },
    "nvim-cmp-vsnip": {
      "flake": false,
      "locked": {
        "lastModified": 1669100283,
        "narHash": "sha256-2mkN03noOr5vBvRbSb35xZKorSH+8savQNZtgM9+QcM=",
        "owner": "hrsh7th",
        "repo": "cmp-vsnip",
        "rev": "989a8a73c44e926199bfd05fa7a516d51f2d2752",
        "type": "github"
      },
      "original": {
        "owner": "hrsh7th",
        "ref": "main",
        "repo": "cmp-vsnip",
        "type": "github"
      }
    },
    "nvim-dev-webicons": {
      "flake": false,
      "locked": {
        "lastModified": 1702078936,
        "narHash": "sha256-1Dfc8xbdI6rnUcYH2iqwzD4ZbpD42iZsRHa4cDKF+2g=",
        "owner": "kyazdani42",
        "repo": "nvim-web-devicons",
        "rev": "8b2e5ef9eb8a717221bd96cb8422686d65a09ed5",
        "type": "github"
      },
      "original": {
        "owner": "kyazdani42",
        "ref": "master",
        "repo": "nvim-web-devicons",
        "type": "github"
      }
    },
    "nvim-eunuch": {
      "flake": false,
      "locked": {
        "lastModified": 1687974092,
        "narHash": "sha256-PW3HE/ew2oaj5H1JqcBrbzQBSZmgc8eL7rV35wChGMo=",
        "owner": "tpope",
        "repo": "vim-eunuch",
        "rev": "67f3dd32b4dcd1c427085f42ff5f29c7adc645c6",
        "type": "github"
      },
      "original": {
        "owner": "tpope",
        "ref": "master",
        "repo": "vim-eunuch",
        "type": "github"
      }
    },
    "nvim-fairy-floss": {
      "flake": false,
      "locked": {
        "lastModified": 1664648427,
        "narHash": "sha256-IuM88DCpENIrPBSqe2/KFuF/rSymoLdG+IADLwL0tsk=",
        "owner": "tssm",
        "repo": "fairyfloss.vim",
        "rev": "234875a9dafac9a86f0448ddcdb9eb8c604a8144",
        "type": "github"
      },
      "original": {
        "owner": "tssm",
        "ref": "master",
        "repo": "fairyfloss.vim",
        "type": "github"
      }
    },
    "nvim-fish-syntax": {
      "flake": false,
      "locked": {
        "lastModified": 1676671766,
        "narHash": "sha256-MeQpsN3SFmqWN1UyEKUZWM3T/F6uvHQs9fAhJObhzgU=",
        "owner": "khaveesh",
        "repo": "vim-fish-syntax",
        "rev": "e229becbf4bbee21cc78cd2cf24f57112e33c02a",
        "type": "github"
      },
      "original": {
        "owner": "khaveesh",
        "ref": "master",
        "repo": "vim-fish-syntax",
        "type": "github"
      }
    },
    "nvim-fugitive": {
      "flake": false,
      "locked": {
        "lastModified": 1698598804,
        "narHash": "sha256-b6x8suCHRMYzqu/PGlt5FPg+7/CilkjWzlkBZ3i3H/c=",
        "owner": "tpope",
        "repo": "vim-fugitive",
        "rev": "46eaf8918b347906789df296143117774e827616",
        "type": "github"
      },
      "original": {
        "owner": "tpope",
        "ref": "master",
        "repo": "vim-fugitive",
        "type": "github"
      }
    },
    "nvim-git-messenger": {
      "flake": false,
      "locked": {
        "lastModified": 1661833086,
        "narHash": "sha256-SAnGSSjHbwlpkpyjlINr5rgL7M28W42bWGvQrkOQl1w=",
        "owner": "rhysd",
        "repo": "git-messenger.vim",
        "rev": "8a61bdfa351d4df9a9118ee1d3f45edbed617072",
        "type": "github"
      },
      "original": {
        "owner": "rhysd",
        "ref": "master",
        "repo": "git-messenger.vim",
        "type": "github"
      }
    },
    "nvim-gitsigns": {
      "flake": false,
      "locked": {
        "lastModified": 1702053144,
        "narHash": "sha256-KwCqzreh8TsFpsiO9FQT4W0C8zdhIZHEWznkmhXUF44=",
        "owner": "lewis6991",
        "repo": "gitsigns.nvim",
        "rev": "87640f5a877b18bdd49884dbcac220fed924b867",
        "type": "github"
      },
      "original": {
        "owner": "lewis6991",
        "ref": "main",
        "repo": "gitsigns.nvim",
        "type": "github"
      }
    },
    "nvim-harpoon": {
      "flake": false,
      "locked": {
        "lastModified": 1701464561,
        "narHash": "sha256-No26U/bpSzc4GACxNr33aAZoebcWUHx4BNWFQXvlikY=",
        "owner": "theprimeagen",
        "repo": "harpoon",
        "rev": "867e212ac153e793f95b316d1731f3ca1894625e",
        "type": "github"
      },
      "original": {
        "owner": "theprimeagen",
        "ref": "master",
        "repo": "harpoon",
        "type": "github"
      }
    },
    "nvim-hop": {
      "flake": false,
      "locked": {
        "lastModified": 1694283445,
        "narHash": "sha256-SnuFeD/lrMxKtpBRPgIwdG0kVF7BWe02PiV7URVDASI=",
        "owner": "phaazon",
        "repo": "hop.nvim",
        "rev": "1a1eceafe54b5081eae4cb91c723abd1d450f34b",
        "type": "github"
      },
      "original": {
        "owner": "phaazon",
        "ref": "master",
        "repo": "hop.nvim",
        "type": "github"
      }
    },
    "nvim-kommentary": {
      "flake": false,
      "locked": {
        "lastModified": 1701264889,
        "narHash": "sha256-lpa3o42jieVKqs+ZCU8HBqWsoqoc53JKMmCNmIJ0rH0=",
        "owner": "b3nj5m1n",
        "repo": "kommentary",
        "rev": "d5a111a3bc4109a8f913a5863c9092b3b3801482",
        "type": "github"
      },
      "original": {
        "owner": "b3nj5m1n",
        "ref": "main",
        "repo": "kommentary",
        "type": "github"
      }
    },
    "nvim-lexical": {
      "flake": false,
      "locked": {
        "lastModified": 1644619024,
        "narHash": "sha256-HlPnGklYyxBm+VPj1J8214mzCB0RgJUOTNu3MekI9Yk=",
        "owner": "reedes",
        "repo": "vim-lexical",
        "rev": "9204fcafcea0a75c01eb8a2833e4837b2294fc5c",
        "type": "github"
      },
      "original": {
        "owner": "reedes",
        "ref": "master",
        "repo": "vim-lexical",
        "type": "github"
      }
    },
    "nvim-libp": {
      "flake": false,
      "locked": {
        "lastModified": 1686426570,
        "narHash": "sha256-Uns5K2Bk9Fpmw+ATz+00sKMsgI0nlFAToboeCFbH37k=",
        "owner": "ipod825",
        "repo": "libp.nvim",
        "rev": "636b1748e92f66022c1763f32b2ded6b8606eda5",
        "type": "github"
      },
      "original": {
        "owner": "ipod825",
        "ref": "main",
        "repo": "libp.nvim",
        "type": "github"
      }
    },
    "nvim-lspconfig": {
      "flake": false,
      "locked": {
        "lastModified": 1702007833,
        "narHash": "sha256-4Ogx+58962qoph8iMyHBGEqoRARK5KQAYEaa1wsgdsw=",
        "owner": "neovim",
        "repo": "nvim-lspconfig",
        "rev": "511609ae0311abfcfaed3c398429a147e895ce2c",
        "type": "github"
      },
      "original": {
        "owner": "neovim",
        "ref": "master",
        "repo": "nvim-lspconfig",
        "type": "github"
      }
    },
    "nvim-lspkind": {
      "flake": false,
      "locked": {
        "lastModified": 1683275543,
        "narHash": "sha256-S+qZm51hw/cRujIfHV/1x1fYyCKI4XQ0utSL8uy4l6I=",
        "owner": "onsails",
        "repo": "lspkind-nvim",
        "rev": "57610d5ab560c073c465d6faf0c19f200cb67e6e",
        "type": "github"
      },
      "original": {
        "owner": "onsails",
        "ref": "master",
        "repo": "lspkind-nvim",
        "type": "github"
      }
    },
    "nvim-lualine": {
      "flake": false,
      "locked": {
        "lastModified": 1697772980,
        "narHash": "sha256-jV+6mV0dyuhiHGei1UqE2r2GoiKJLtdZI2AMNexbi7E=",
        "owner": "nvim-lualine",
        "repo": "lualine.nvim",
        "rev": "2248ef254d0a1488a72041cfb45ca9caada6d994",
        "type": "github"
      },
      "original": {
        "owner": "nvim-lualine",
        "ref": "master",
        "repo": "lualine.nvim",
        "type": "github"
      }
    },
    "nvim-markdown": {
      "flake": false,
      "locked": {
        "lastModified": 1698870120,
        "narHash": "sha256-d3GDuMlnhweAajSc284wWN/h0teu5uFG6NQTWa+dcxo=",
        "owner": "preservim",
        "repo": "vim-markdown",
        "rev": "46add6c3017d3e4035dc10ffa9cb54221d8dfe1a",
        "type": "github"
      },
      "original": {
        "owner": "preservim",
        "ref": "master",
        "repo": "vim-markdown",
        "type": "github"
      }
    },
    "nvim-material": {
      "flake": false,
      "locked": {
        "lastModified": 1675960026,
        "narHash": "sha256-n60JXh/HLEihbbEV1A1a1reJOEUVj7jiAJqlq8JxcKk=",
        "owner": "kaicataldo",
        "repo": "material.vim",
        "rev": "b47e7f884cb606c19a20e8e520dfa10c3b3a52f9",
        "type": "github"
      },
      "original": {
        "owner": "kaicataldo",
        "ref": "main",
        "repo": "material.vim",
        "type": "github"
      }
    },
    "nvim-merge-tool": {
      "flake": false,
      "locked": {
        "lastModified": 1561185646,
        "narHash": "sha256-l63Iek33eqSSEEAcirhLQq/pibHuiggAqc36bwCNf8Q=",
        "owner": "samoshkin",
        "repo": "vim-mergetool",
        "rev": "0275a85256ad173e3cde586d54f66566c01b607f",
        "type": "github"
      },
      "original": {
        "owner": "samoshkin",
        "ref": "master",
        "repo": "vim-mergetool",
        "type": "github"
      }
    },
    "nvim-nix": {
      "flake": false,
      "locked": {
        "lastModified": 1690632691,
        "narHash": "sha256-x6/WNMWFbR/1uLAeMawlwmp4b1ak+YRWu7abwx+9TRs=",
        "owner": "LnL7",
        "repo": "vim-nix",
        "rev": "1e8d3cc4d74f40fb384cd1739739543fe117ff61",
        "type": "github"
      },
      "original": {
        "owner": "LnL7",
        "ref": "master",
        "repo": "vim-nix",
        "type": "github"
      }
    },
    "nvim-octo": {
      "flake": false,
      "locked": {
        "lastModified": 1700860502,
        "narHash": "sha256-9BOiXwBq0+FB9ThrZ3s8oXWPpzTLbU/7obmHhySb3os=",
        "owner": "pwntester",
        "repo": "octo.nvim",
        "rev": "1ce62d9a29b5eca2c63fb955359f5212e4d1bc7b",
        "type": "github"
      },
      "original": {
        "owner": "pwntester",
        "ref": "master",
        "repo": "octo.nvim",
        "type": "github"
      }
    },
    "nvim-pest": {
      "flake": false,
      "locked": {
        "lastModified": 1686920199,
        "narHash": "sha256-LYIFw4slkxQ41V95GpQ5KVMKIoKK5n+rpea3Bgc7bAU=",
        "owner": "pest-parser",
        "repo": "pest.vim",
        "rev": "78a65344a89804ec86a0d025a3799f47c2331389",
        "type": "github"
      },
      "original": {
        "owner": "pest-parser",
        "ref": "master",
        "repo": "pest.vim",
        "type": "github"
      }
    },
    "nvim-plenary": {
      "flake": false,
      "locked": {
        "lastModified": 1701343040,
        "narHash": "sha256-f8YVaXMG0ZyW6iotAgnftaYULnL69UPolRad6RTG27g=",
        "owner": "nvim-lua",
        "repo": "plenary.nvim",
        "rev": "55d9fe89e33efd26f532ef20223e5f9430c8b0c0",
        "type": "github"
      },
      "original": {
        "owner": "nvim-lua",
        "ref": "master",
        "repo": "plenary.nvim",
        "type": "github"
      }
    },
    "nvim-purescript": {
      "flake": false,
      "locked": {
        "lastModified": 1675674661,
        "narHash": "sha256-IrPiiDghh5qdeaTM6M4oRzay+LvqL3sdoiM2m89O4pA=",
        "owner": "purescript-contrib",
        "repo": "purescript-vim",
        "rev": "82348352e6568fcc0385bd7c99a8ead3a479feea",
        "type": "github"
      },
      "original": {
        "owner": "purescript-contrib",
        "ref": "main",
        "repo": "purescript-vim",
        "type": "github"
      }
    },
    "nvim-rainbow": {
      "flake": false,
      "locked": {
        "lastModified": 1665196529,
        "narHash": "sha256-mncobTxp68rZmgxZmllTd3oYc+cz/2e0pZksBPa03mA=",
        "owner": "luochen1990",
        "repo": "rainbow",
        "rev": "61f719aebe0dc5c3048330c50db72cfee1afdd34",
        "type": "github"
      },
      "original": {
        "owner": "luochen1990",
        "ref": "master",
        "repo": "rainbow",
        "type": "github"
      }
    },
    "nvim-ranger": {
      "flake": false,
      "locked": {
        "lastModified": 1700069709,
        "narHash": "sha256-cnSnAJ5CpFTPgbXdhJoKOmHHaeKhtxsxWPQcpObzqf8=",
        "owner": "ipod825",
        "repo": "ranger.nvim",
        "rev": "927b4648391a163f583a2cc56e1d7953c33828a2",
        "type": "github"
      },
      "original": {
        "owner": "ipod825",
        "ref": "main",
        "repo": "ranger.nvim",
        "type": "github"
      }
    },
    "nvim-rhubarb": {
      "flake": false,
      "locked": {
        "lastModified": 1680085333,
        "narHash": "sha256-8zeQMLzNBWmXZ5daCOmsHkw6MIwWislArYF5zDdrwOg=",
        "owner": "tpope",
        "repo": "vim-rhubarb",
        "rev": "ee69335de176d9325267b0fd2597a22901d927b1",
        "type": "github"
      },
      "original": {
        "owner": "tpope",
        "ref": "master",
        "repo": "vim-rhubarb",
        "type": "github"
      }
    },
    "nvim-sandwich": {
      "flake": false,
      "locked": {
        "lastModified": 1670425625,
        "narHash": "sha256-pV46YbLr4nr4kRGEKQbPBPDtN/NsKqwatw2lgU+NOaw=",
        "owner": "machakann",
        "repo": "vim-sandwich",
        "rev": "c5a2cc438ce6ea2005c556dc833732aa53cae21a",
        "type": "github"
      },
      "original": {
        "owner": "machakann",
        "ref": "master",
        "repo": "vim-sandwich",
        "type": "github"
      }
    },
    "nvim-signature": {
      "flake": false,
      "locked": {
        "lastModified": 1530910672,
        "narHash": "sha256-9eZ7IZV5PSEHAACZYQ4iiCs8iZxSxWOPinkrf85rpSI=",
        "owner": "kshenoy",
        "repo": "vim-signature",
        "rev": "6bc3dd1294a22e897f0dcf8dd72b85f350e306bc",
        "type": "github"
      },
      "original": {
        "owner": "kshenoy",
        "ref": "master",
        "repo": "vim-signature",
        "type": "github"
      }
    },
    "nvim-snitch": {
      "flake": false,
      "locked": {
        "lastModified": 1654962042,
        "narHash": "sha256-BgebSBXc+fsndKafsBj7sdV3k01HI2h3dte3IKLENyo=",
        "owner": "tssm",
        "repo": "nvim-snitch",
        "rev": "0de5c24a4ec711fc3fd69396cbfac94fed33a464",
        "type": "github"
      },
      "original": {
        "owner": "tssm",
        "ref": "main",
        "repo": "nvim-snitch",
        "type": "github"
      }
    },
    "nvim-solarized": {
      "flake": false,
      "locked": {
        "lastModified": 1691919744,
        "narHash": "sha256-c5QV9XbtRwnmj2x3ZtwHLLWd/SKJSH/84PCZc3AoI7Y=",
        "owner": "lifepillar",
        "repo": "vim-solarized8",
        "rev": "bde9cab3d9e9368f0b62f94149ab51607fcb8b68",
        "type": "github"
      },
      "original": {
        "owner": "lifepillar",
        "ref": "master",
        "repo": "vim-solarized8",
        "type": "github"
      }
    },
    "nvim-tabular": {
      "flake": false,
      "locked": {
        "lastModified": 1550598128,
        "narHash": "sha256-irolBA/m3YIaezl+90h5G+xUOpad+3u44uJqDs4JCUs=",
        "owner": "godlygeek",
        "repo": "tabular",
        "rev": "339091ac4dd1f17e225fe7d57b48aff55f99b23a",
        "type": "github"
      },
      "original": {
        "owner": "godlygeek",
        "ref": "master",
        "repo": "tabular",
        "type": "github"
      }
    },
    "nvim-telescope": {
      "flake": false,
      "locked": {
        "lastModified": 1701834638,
        "narHash": "sha256-Zhx4Sy857CCVuK1qSlTEdZ+0blxheB6+CNnPFS7Cixw=",
        "owner": "nvim-telescope",
        "repo": "telescope.nvim",
        "rev": "6213322ab56eb27356fdc09a5078e41e3ea7f3bc",
        "type": "github"
      },
      "original": {
        "owner": "nvim-telescope",
        "ref": "master",
        "repo": "telescope.nvim",
        "type": "github"
      }
    },
    "nvim-telescope-file-browser": {
      "flake": false,
      "locked": {
        "lastModified": 1701916554,
        "narHash": "sha256-Ifz0uoHWinAAEJf4OjuIqF9VV1Ji1FIK4V1qUICw7+Y=",
        "owner": "nvim-telescope",
        "repo": "telescope-file-browser.nvim",
        "rev": "8e0543365fe5781c9babea7db89ef06bcff3716d",
        "type": "github"
      },
      "original": {
        "owner": "nvim-telescope",
        "ref": "master",
        "repo": "telescope-file-browser.nvim",
        "type": "github"
      }
    },
    "nvim-telescope-fzf": {
      "flake": false,
      "locked": {
        "lastModified": 1694359266,
        "narHash": "sha256-Hob1x/jwQYfphYGWQ/i44NVyCM+WFT5/4+J5J4/tLYA=",
        "owner": "nvim-telescope",
        "repo": "telescope-fzf-native.nvim",
        "rev": "6c921ca12321edaa773e324ef64ea301a1d0da62",
        "type": "github"
      },
      "original": {
        "owner": "nvim-telescope",
        "ref": "main",
        "repo": "telescope-fzf-native.nvim",
        "type": "github"
      }
    },
    "nvim-telescope-symbols": {
      "flake": false,
      "locked": {
        "lastModified": 1700844890,
        "narHash": "sha256-zYON9z3ELwjfqZ11LD6E7M+bymuBHxrSjYXhsCPEwR8=",
        "owner": "nvim-telescope",
        "repo": "telescope-symbols.nvim",
        "rev": "a6d0127a53d39b9fc2af75bd169d288166118aec",
        "type": "github"
      },
      "original": {
        "owner": "nvim-telescope",
        "ref": "master",
        "repo": "telescope-symbols.nvim",
        "type": "github"
      }
    },
    "nvim-telescope-ui-select": {
      "flake": false,
      "locked": {
        "lastModified": 1701723223,
        "narHash": "sha256-YRhNmmG4gx9Ht8JwjQfbTjJyTHEuZmtP6lqnhOsk8bE=",
        "owner": "nvim-telescope",
        "repo": "telescope-ui-select.nvim",
        "rev": "6e51d7da30bd139a6950adf2a47fda6df9fa06d2",
        "type": "github"
      },
      "original": {
        "owner": "nvim-telescope",
        "ref": "master",
        "repo": "telescope-ui-select.nvim",
        "type": "github"
      }
    },
    "nvim-tokyo": {
      "flake": false,
      "locked": {
        "lastModified": 1698229236,
        "narHash": "sha256-axjZVZOI+WIv85FfMG+lxftDKlDIw/HzQKyJVFkL33M=",
        "owner": "folke",
        "repo": "tokyonight.nvim",
        "rev": "f247ee700b569ed43f39320413a13ba9b0aef0db",
        "type": "github"
      },
      "original": {
        "owner": "folke",
        "ref": "main",
        "repo": "tokyonight.nvim",
        "type": "github"
      }
    },
    "nvim-treesitter": {
      "flake": false,
      "locked": {
        "lastModified": 1702028903,
        "narHash": "sha256-ryyky1ks0fkDB1LHmnEMSIB3yPIhGm98A+IQq/GgZtY=",
        "owner": "nvim-treesitter",
        "repo": "nvim-treesitter",
        "rev": "180e1ca385442e35e1d18420221a148c5e045671",
        "type": "github"
      },
      "original": {
        "owner": "nvim-treesitter",
        "ref": "master",
        "repo": "nvim-treesitter",
        "type": "github"
      }
    },
    "nvim-treesitter-refactor": {
      "flake": false,
      "locked": {
        "lastModified": 1680645221,
        "narHash": "sha256-yzSkoH690qIEqvhiv0exeH7pS+J5ZVkqidEUOn0kb5M=",
        "owner": "nvim-treesitter",
        "repo": "nvim-treesitter-refactor",
        "rev": "65ad2eca822dfaec2a3603119ec3cc8826a7859e",
        "type": "github"
      },
      "original": {
        "owner": "nvim-treesitter",
        "ref": "master",
        "repo": "nvim-treesitter-refactor",
        "type": "github"
      }
    },
    "nvim-trouble": {
      "flake": false,
      "locked": {
        "lastModified": 1697626811,
        "narHash": "sha256-8nLghiueYOtWY7OGVxow9A2G/5lgt+Kt5D8q1xeJvVg=",
        "owner": "folke",
        "repo": "trouble.nvim",
        "rev": "f1168feada93c0154ede4d1fe9183bf69bac54ea",
        "type": "github"
      },
      "original": {
        "owner": "folke",
        "ref": "main",
        "repo": "trouble.nvim",
        "type": "github"
      }
    },
    "nvim-truezen": {
      "flake": false,
      "locked": {
        "lastModified": 1686314140,
        "narHash": "sha256-euaxTWS98i14wvuKrFvdCRigsKqrSUwZpMEmYtUBBss=",
        "owner": "pocco81",
        "repo": "truezen.nvim",
        "rev": "2b9e210e0d1a735e1fa85ec22190115dffd963aa",
        "type": "github"
      },
      "original": {
        "owner": "pocco81",
        "ref": "main",
        "repo": "truezen.nvim",
        "type": "github"
      }
    },
    "nvim-vim-vsnip": {
      "flake": false,
      "locked": {
        "lastModified": 1699776303,
        "narHash": "sha256-r5XxpKJ2vj6IG/y7RIRXasaT1j+XLuq3Il07HadsSoE=",
        "owner": "hrsh7th",
        "repo": "vim-vsnip",
        "rev": "8eebdf6ab4a880d845893f210fd20516d2e2384f",
        "type": "github"
      },
      "original": {
        "owner": "hrsh7th",
        "ref": "master",
        "repo": "vim-vsnip",
        "type": "github"
      }
    },
    "nvim-visuals-multi": {
      "flake": false,
      "locked": {
        "lastModified": 1698326914,
        "narHash": "sha256-Bl5Ny9e+IFmlT2l5BhUmGvHqZYW03YXe1bXiW0wGIhI=",
        "owner": "mg979",
        "repo": "vim-visual-multi",
        "rev": "aec289a9fdabaa0ee6087d044d75b32e12084344",
        "type": "github"
      },
      "original": {
        "owner": "mg979",
        "ref": "master",
        "repo": "vim-visual-multi",
        "type": "github"
      }
    },
    "nvim-which-key": {
      "flake": false,
      "locked": {
        "lastModified": 1697801635,
        "narHash": "sha256-uvghPj/teWrRMm09Gh8iQ/LV2nYJw0lmoiZK6L4+1cY=",
        "owner": "folke",
        "repo": "which-key.nvim",
        "rev": "4433e5ec9a507e5097571ed55c02ea9658fb268a",
        "type": "github"
      },
      "original": {
        "owner": "folke",
        "ref": "main",
        "repo": "which-key.nvim",
        "type": "github"
      }
    },
    "root": {
      "inputs": {
        "emacs-overlay": "emacs-overlay",
        "grab-workspace": "grab-workspace",
        "home-manager": "home-manager",
        "hycov": "hycov",
        "hyprland": "hyprland",
        "hyprpaper": "hyprpaper",
        "kbd-mode": "kbd-mode",
        "kmonad": "kmonad",
        "lean4-mode": "lean4-mode",
        "nix-neovim": "nix-neovim",
        "nix-on-droid": "nix-on-droid",
        "nixpkgs": "nixpkgs_3"
      }
    },
    "systems": {
      "locked": {
        "lastModified": 1681028828,
        "narHash": "sha256-Vy1rq5AaRuLzOxct8nz4T6wlgyUR7zLU309k9mBC768=",
        "owner": "nix-systems",
        "repo": "default",
        "rev": "da67096a3b9bf56a91d16901293e51ba5b49a27e",
        "type": "github"
      },
      "original": {
        "owner": "nix-systems",
        "repo": "default",
        "type": "github"
      }
    },
    "systems_2": {
      "locked": {
        "lastModified": 1689347949,
        "narHash": "sha256-12tWmuL2zgBgZkdoB6qXZsgJEH9LR3oUgpaQq2RbI80=",
        "owner": "nix-systems",
        "repo": "default-linux",
        "rev": "31732fcf5e8fea42e59c2488ad31a0e651500f68",
        "type": "github"
      },
      "original": {
        "owner": "nix-systems",
        "repo": "default-linux",
        "type": "github"
      }
    },
    "wlroots": {
      "flake": false,
      "locked": {
        "host": "gitlab.freedesktop.org",
        "lastModified": 1701368958,
        "narHash": "sha256-7kvyoA91etzVEl9mkA/EJfB6z/PltxX7Xc4gcr7/xlo=",
        "owner": "wlroots",
        "repo": "wlroots",
        "rev": "5d639394f3e83b01596dcd166a44a9a1a2583350",
        "type": "gitlab"
      },
      "original": {
        "host": "gitlab.freedesktop.org",
        "owner": "wlroots",
        "repo": "wlroots",
        "rev": "5d639394f3e83b01596dcd166a44a9a1a2583350",
        "type": "gitlab"
      }
    },
    "xdph": {
      "inputs": {
        "hyprland-protocols": [
          "hyprland",
          "hyprland-protocols"
        ],
        "nixpkgs": [
          "hyprland",
          "nixpkgs"
        ],
        "systems": [
          "hyprland",
          "systems"
        ]
      },
      "locked": {
        "lastModified": 1703514399,
        "narHash": "sha256-VRr5Xc4S/VPr/gU3fiOD3vSIL2+GJ+LUrmFTWTwnTz4=",
        "owner": "hyprwm",
        "repo": "xdg-desktop-portal-hyprland",
        "rev": "0a318a7a217a6402b0b705837cd5b50b0e94b31b",
        "type": "github"
      },
      "original": {
        "owner": "hyprwm",
        "repo": "xdg-desktop-portal-hyprland",
        "type": "github"
      }
    }
  },
  "root": "root",
  "version": 7
}
